
Microsoft Visual Studio Solution File, Format Version 12.00
# Visual Studio Version 16
VisualStudioVersion = 16.0.33920.266
MinimumVisualStudioVersion = 10.0.40219.1
Project("{F184B08F-C81C-45F6-A57F-5ABD9991F28F}") = "Excel_Intk_Ref_2023", "Excel_Referral_Intk_2016\Excel_Intk_Ref_2023.vbproj", "{5CE46F49-4DF8-4989-B994-4267541C2510}"
EndProject
Global
	GlobalSection(SolutionConfigurationPlatforms) = preSolution
		Debug|Any CPU = Debug|Any CPU
		Release|Any CPU = Release|Any CPU
	EndGlobalSection
	GlobalSection(ProjectConfigurationPlatforms) = postSolution
		{5CE46F49-4DF8-4989-B994-4267541C2510}.Debug|Any CPU.ActiveCfg = Debug|Any CPU
		{5CE46F49-4DF8-4989-B994-4267541C2510}.Debug|Any CPU.Build.0 = Debug|Any CPU
		{5CE46F49-4DF8-4989-B994-4267541C2510}.Release|Any CPU.ActiveCfg = Release|Any CPU
		{5CE46F49-4DF8-4989-B994-4267541C2510}.Release|Any CPU.Build.0 = Release|Any CPU
	EndGlobalSection
	GlobalSection(SolutionProperties) = preSolution
		HideSolutionNode = FALSE
	EndGlobalSection
	GlobalSection(ExtensibilityGlobals) = postSolution
		SolutionGuid = {36E83634-1DE5-4BA2-B585-F9A18680D362}
	EndGlobalSection
EndGlobal
